
Microsoft Visual Studio Solution File, Format Version 12.00
# Visual Studio Version 16
VisualStudioVersion = 16.0.29519.181
MinimumVisualStudioVersion = 10.0.40219.1
Project("{9A19103F-16F7-4668-BE54-9A1E7A4F7556}") = "问卷调查", "问卷调查\问卷调查.csproj", "{56A3E392-F5E3-4ACC-9D98-41F3C9874491}"
EndProject
Project("{FAE04EC0-301F-11D3-BF4B-00C04F79EFBC}") = "StringSplit", "StringSplit\StringSplit.csproj", "{2F0978BD-266F-45F8-A075-E43EA7DDBE30}"
EndProject
Global
	GlobalSection(SolutionConfigurationPlatforms) = preSolution
		Debug|Any CPU = Debug|Any CPU
		Release|Any CPU = Release|Any CPU
	EndGlobalSection
	GlobalSection(ProjectConfigurationPlatforms) = postSolution
		{56A3E392-F5E3-4ACC-9D98-41F3C9874491}.Debug|Any CPU.ActiveCfg = Debug|Any CPU
		{56A3E392-F5E3-4ACC-9D98-41F3C9874491}.Debug|Any CPU.Build.0 = Debug|Any CPU
		{56A3E392-F5E3-4ACC-9D98-41F3C9874491}.Release|Any CPU.ActiveCfg = Release|Any CPU
		{56A3E392-F5E3-4ACC-9D98-41F3C9874491}.Release|Any CPU.Build.0 = Release|Any CPU
		{2F0978BD-266F-45F8-A075-E43EA7DDBE30}.Debug|Any CPU.ActiveCfg = Debug|Any CPU
		{2F0978BD-266F-45F8-A075-E43EA7DDBE30}.Debug|Any CPU.Build.0 = Debug|Any CPU
		{2F0978BD-266F-45F8-A075-E43EA7DDBE30}.Release|Any CPU.ActiveCfg = Release|Any CPU
		{2F0978BD-266F-45F8-A075-E43EA7DDBE30}.Release|Any CPU.Build.0 = Release|Any CPU
	EndGlobalSection
	GlobalSection(SolutionProperties) = preSolution
		HideSolutionNode = FALSE
	EndGlobalSection
	GlobalSection(ExtensibilityGlobals) = postSolution
		SolutionGuid = {F474B28D-0AB9-4732-9179-2393546C7126}
	EndGlobalSection
EndGlobal
